
Microsoft Visual Studio Solution File, Format Version 12.00
# Visual Studio Version 17
VisualStudioVersion = 17.0.31919.166
MinimumVisualStudioVersion = 10.0.40219.1
Project("{FAE04EC0-301F-11D3-BF4B-00C04F79EFBC}") = "ConstVisualizer", "ConstVisualizer.csproj", "{6EA03343-FF20-43BC-8FBE-9233CF1E4C4A}"
EndProject
Project("{2150E333-8FDC-42A3-9474-1A3956D46DE8}") = "Solution Items", "Solution Items", "{7DCA98A0-201C-49FD-839D-BAE82A15524F}"
	ProjectSection(SolutionItems) = preProject
		.editorconfig = .editorconfig
		..\..\README.md = ..\..\README.md
	EndProjectSection
EndProject
Project("{FAE04EC0-301F-11D3-BF4B-00C04F79EFBC}") = "ConstVisualizer.Tests", "..\ConstVisualizer.Tests\ConstVisualizer.Tests.csproj", "{1EBE2729-96AC-4407-88B7-5864BAA0F28F}"
EndProject
Global
	GlobalSection(SolutionConfigurationPlatforms) = preSolution
		Debug|Any CPU = Debug|Any CPU
		Release|Any CPU = Release|Any CPU
	EndGlobalSection
	GlobalSection(ProjectConfigurationPlatforms) = postSolution
		{6EA03343-FF20-43BC-8FBE-9233CF1E4C4A}.Debug|Any CPU.ActiveCfg = Debug|Any CPU
		{6EA03343-FF20-43BC-8FBE-9233CF1E4C4A}.Debug|Any CPU.Build.0 = Debug|Any CPU
		{6EA03343-FF20-43BC-8FBE-9233CF1E4C4A}.Release|Any CPU.ActiveCfg = Release|Any CPU
		{6EA03343-FF20-43BC-8FBE-9233CF1E4C4A}.Release|Any CPU.Build.0 = Release|Any CPU
		{1EBE2729-96AC-4407-88B7-5864BAA0F28F}.Debug|Any CPU.ActiveCfg = Debug|Any CPU
		{1EBE2729-96AC-4407-88B7-5864BAA0F28F}.Debug|Any CPU.Build.0 = Debug|Any CPU
		{1EBE2729-96AC-4407-88B7-5864BAA0F28F}.Release|Any CPU.ActiveCfg = Release|Any CPU
		{1EBE2729-96AC-4407-88B7-5864BAA0F28F}.Release|Any CPU.Build.0 = Release|Any CPU
	EndGlobalSection
	GlobalSection(SolutionProperties) = preSolution
		HideSolutionNode = FALSE
	EndGlobalSection
	GlobalSection(ExtensibilityGlobals) = postSolution
		SolutionGuid = {14D8E79E-1D8E-4F1C-9151-A24BF37F625A}
	EndGlobalSection
EndGlobal
